
Microsoft Visual Studio Solution File, Format Version 12.00
# Visual Studio 15
VisualStudioVersion = 15.0.27703.2042
MinimumVisualStudioVersion = 10.0.40219.1
Project("{8BC9CEB8-8B4A-11D0-8D11-00A0C91BC942}") = "liblumi", "liblumi\liblumi.vcxproj", "{16B78AF4-BF78-4963-985F-D092E29C5565}"
EndProject
Project("{8BC9CEB8-8B4A-11D0-8D11-00A0C91BC942}") = "core", "core\core.vcxproj", "{0DA7EDA0-D423-4B0B-96E3-B6148EB87F1A}"
EndProject
Project("{8BC9CEB8-8B4A-11D0-8D11-00A0C91BC942}") = "tinyxml", "tinyxml\tinyxml.vcxproj", "{5D2366F0-DD94-405C-BEE5-5E1001FC8972}"
EndProject
Global
	GlobalSection(SolutionConfigurationPlatforms) = preSolution
		Debug|x64 = Debug|x64
		Debug|x86 = Debug|x86
		Release|x64 = Release|x64
		Release|x86 = Release|x86
	EndGlobalSection
	GlobalSection(ProjectConfigurationPlatforms) = postSolution
		{16B78AF4-BF78-4963-985F-D092E29C5565}.Debug|x64.ActiveCfg = Debug|x64
		{16B78AF4-BF78-4963-985F-D092E29C5565}.Debug|x64.Build.0 = Debug|x64
		{16B78AF4-BF78-4963-985F-D092E29C5565}.Debug|x86.ActiveCfg = Debug|Win32
		{16B78AF4-BF78-4963-985F-D092E29C5565}.Debug|x86.Build.0 = Debug|Win32
		{16B78AF4-BF78-4963-985F-D092E29C5565}.Release|x64.ActiveCfg = Release|x64
		{16B78AF4-BF78-4963-985F-D092E29C5565}.Release|x64.Build.0 = Release|x64
		{16B78AF4-BF78-4963-985F-D092E29C5565}.Release|x86.ActiveCfg = Release|Win32
		{16B78AF4-BF78-4963-985F-D092E29C5565}.Release|x86.Build.0 = Release|Win32
		{0DA7EDA0-D423-4B0B-96E3-B6148EB87F1A}.Debug|x64.ActiveCfg = Debug|x64
		{0DA7EDA0-D423-4B0B-96E3-B6148EB87F1A}.Debug|x64.Build.0 = Debug|x64
		{0DA7EDA0-D423-4B0B-96E3-B6148EB87F1A}.Debug|x86.ActiveCfg = Debug|Win32
		{0DA7EDA0-D423-4B0B-96E3-B6148EB87F1A}.Debug|x86.Build.0 = Debug|Win32
		{0DA7EDA0-D423-4B0B-96E3-B6148EB87F1A}.Release|x64.ActiveCfg = Release|x64
		{0DA7EDA0-D423-4B0B-96E3-B6148EB87F1A}.Release|x64.Build.0 = Release|x64
		{0DA7EDA0-D423-4B0B-96E3-B6148EB87F1A}.Release|x86.ActiveCfg = Release|Win32
		{0DA7EDA0-D423-4B0B-96E3-B6148EB87F1A}.Release|x86.Build.0 = Release|Win32
		{5D2366F0-DD94-405C-BEE5-5E1001FC8972}.Debug|x64.ActiveCfg = Debug|x64
		{5D2366F0-DD94-405C-BEE5-5E1001FC8972}.Debug|x64.Build.0 = Debug|x64
		{5D2366F0-DD94-405C-BEE5-5E1001FC8972}.Debug|x86.ActiveCfg = Debug|Win32
		{5D2366F0-DD94-405C-BEE5-5E1001FC8972}.Debug|x86.Build.0 = Debug|Win32
		{5D2366F0-DD94-405C-BEE5-5E1001FC8972}.Release|x64.ActiveCfg = Release|x64
		{5D2366F0-DD94-405C-BEE5-5E1001FC8972}.Release|x64.Build.0 = Release|x64
		{5D2366F0-DD94-405C-BEE5-5E1001FC8972}.Release|x86.ActiveCfg = Release|Win32
		{5D2366F0-DD94-405C-BEE5-5E1001FC8972}.Release|x86.Build.0 = Release|Win32
	EndGlobalSection
	GlobalSection(SolutionProperties) = preSolution
		HideSolutionNode = FALSE
	EndGlobalSection
	GlobalSection(ExtensibilityGlobals) = postSolution
		SolutionGuid = {E714F6AA-EF55-4C3C-9238-A9A1FF717827}
	EndGlobalSection
EndGlobal
