<?xml version="1.0" encoding="utf-8"?>
<Project ToolsVersion="4.0" xmlns="http://schemas.microsoft.com/developer/msbuild/2003">
  <ItemGroup>
    <Filter Include="include">
      <UniqueIdentifier>{93995380-89BD-4b04-88EB-625FBE52EBFB}</UniqueIdentifier>
      <Extensions>h;hh;hpp;hxx;hm;inl;inc;ipp;xsd</Extensions>
    </Filter>
    <Filter Include="sources">
      <UniqueIdentifier>{4FC737F1-C7A5-4376-A066-2A32D752A2FF}</UniqueIdentifier>
      <Extensions>cpp;c;cc;cxx;def;odl;idl;hpj;bat;asm;asmx</Extensions>
    </Filter>
  </ItemGroup>
  <ItemGroup>
    <ClInclude Include="include\Bmp.hpp">
      <Filter>include</Filter>
    </ClInclude>
    <ClInclude Include="include\Camera.hpp">
      <Filter>include</Filter>
    </ClInclude>
    <ClInclude Include="include\HitPoint.hpp">
      <Filter>include</Filter>
    </ClInclude>
    <ClInclude Include="include\Light.hpp">
      <Filter>include</Filter>
    </ClInclude>
    <ClInclude Include="include\Material.hpp">
      <Filter>include</Filter>
    </ClInclude>
    <ClInclude Include="include\Matrix.hpp">
      <Filter>include</Filter>
    </ClInclude>
    <ClInclude Include="include\Ray.hpp">
      <Filter>include</Filter>
    </ClInclude>
    <ClInclude Include="include\Shape.hpp">
      <Filter>include</Filter>
    </ClInclude>
    <ClInclude Include="include\Vector.hpp">
      <Filter>include</Filter>
    </ClInclude>
    <ClInclude Include="include\RGBColor.hpp">
      <Filter>include</Filter>
    </ClInclude>
  </ItemGroup>
  <ItemGroup>
    <ClCompile Include="sources\Bmp.cpp">
      <Filter>sources</Filter>
    </ClCompile>
    <ClCompile Include="sources\Camera.cpp">
      <Filter>sources</Filter>
    </ClCompile>
    <ClCompile Include="sources\HitPoint.cpp">
      <Filter>sources</Filter>
    </ClCompile>
    <ClCompile Include="sources\Light.cpp">
      <Filter>sources</Filter>
    </ClCompile>
    <ClCompile Include="sources\Material.cpp">
      <Filter>sources</Filter>
    </ClCompile>
    <ClCompile Include="sources\Matrix.cpp">
      <Filter>sources</Filter>
    </ClCompile>
    <ClCompile Include="sources\Ray.cpp">
      <Filter>sources</Filter>
    </ClCompile>
    <ClCompile Include="sources\Shape.cpp">
      <Filter>sources</Filter>
    </ClCompile>
    <ClCompile Include="sources\Vector.cpp">
      <Filter>sources</Filter>
    </ClCompile>
    <ClCompile Include="sources\RGBColor.cpp">
      <Filter>sources</Filter>
    </ClCompile>
  </ItemGroup>
</Project>